PODS:
  - SnapKit (0.22.0)
  - SwiftHEXColors (1.0.4)

DEPENDENCIES:
  - SnapKit
  - SwiftHEXColors

SPEC CHECKSUMS:
  SnapKit: 0dd2fd157330f1ea11fd84da13e6be8a7a22bae0
  SwiftHEXColors: b0ecc7bd83a1aa2e1956f9ba51f55ebb2bcf86ef

PODFILE CHECKSUM: cf7ddac5c7d5fd5bbfa468958f00fb3b6bc67f1c

COCOAPODS: 1.0.1
